
Microsoft Visual Studio Solution File, Format Version 12.00
# Visual Studio Version 17
VisualStudioVersion = 17.5.33414.496
MinimumVisualStudioVersion = 10.0.40219.1
Project("{FAE04EC0-301F-11D3-BF4B-00C04F79EFBC}") = "ChatApi", "ChatApi\ChatApi.csproj", "{84B7DF0A-EC3A-4DCF-B9C6-61093CE62686}"
EndProject
Global
	GlobalSection(SolutionConfigurationPlatforms) = preSolution
		Debug|Any CPU = Debug|Any CPU
		Release|Any CPU = Release|Any CPU
	EndGlobalSection
	GlobalSection(ProjectConfigurationPlatforms) = postSolution
		{84B7DF0A-EC3A-4DCF-B9C6-61093CE62686}.Debug|Any CPU.ActiveCfg = Debug|Any CPU
		{84B7DF0A-EC3A-4DCF-B9C6-61093CE62686}.Debug|Any CPU.Build.0 = Debug|Any CPU
		{84B7DF0A-EC3A-4DCF-B9C6-61093CE62686}.Release|Any CPU.ActiveCfg = Release|Any CPU
		{84B7DF0A-EC3A-4DCF-B9C6-61093CE62686}.Release|Any CPU.Build.0 = Release|Any CPU
	EndGlobalSection
	GlobalSection(SolutionProperties) = preSolution
		HideSolutionNode = FALSE
	EndGlobalSection
	GlobalSection(ExtensibilityGlobals) = postSolution
		SolutionGuid = {BBBABBC4-DE95-4090-9C60-AC3AFDFA860D}
	EndGlobalSection
EndGlobal
